
Microsoft Visual Studio Solution File, Format Version 12.00
# Visual Studio Version 16
VisualStudioVersion = 16.0.31702.278
MinimumVisualStudioVersion = 10.0.40219.1
Project("{FAE04EC0-301F-11D3-BF4B-00C04F79EFBC}") = "ind №1", "ind №1.csproj", "{7C31ABC0-BCDC-4015-ACB4-560944B5576C}"
EndProject
Global
	GlobalSection(SolutionConfigurationPlatforms) = preSolution
		Debug|Any CPU = Debug|Any CPU
		Release|Any CPU = Release|Any CPU
	EndGlobalSection
	GlobalSection(ProjectConfigurationPlatforms) = postSolution
		{7C31ABC0-BCDC-4015-ACB4-560944B5576C}.Debug|Any CPU.ActiveCfg = Debug|Any CPU
		{7C31ABC0-BCDC-4015-ACB4-560944B5576C}.Debug|Any CPU.Build.0 = Debug|Any CPU
		{7C31ABC0-BCDC-4015-ACB4-560944B5576C}.Release|Any CPU.ActiveCfg = Release|Any CPU
		{7C31ABC0-BCDC-4015-ACB4-560944B5576C}.Release|Any CPU.Build.0 = Release|Any CPU
	EndGlobalSection
	GlobalSection(SolutionProperties) = preSolution
		HideSolutionNode = FALSE
	EndGlobalSection
	GlobalSection(ExtensibilityGlobals) = postSolution
		SolutionGuid = {A0ACA2CD-4E96-4276-96A4-6EE5BC843560}
	EndGlobalSection
EndGlobal
